PODS:
  - shared (1.0)
  - SwiftLint (0.50.3)

DEPENDENCIES:
  - shared (from `../shared`)
  - SwiftLint (~> 0.50.3)

SPEC REPOS:
  trunk:
    - SwiftLint

EXTERNAL SOURCES:
  shared:
    :path: "../shared"

SPEC CHECKSUMS:
  shared: 9b957afbd926773fa106f9e4d7314c864b0e9179
  SwiftLint: 77f7cb2b9bb81ab4a12fcc86448ba3f11afa50c6

PODFILE CHECKSUM: cc0acfe04a6f53f7adcd42d5912ecdc0bf4bfec4

COCOAPODS: 1.11.3
